
Microsoft Visual Studio Solution File, Format Version 12.00
# Visual Studio Version 17
VisualStudioVersion = 17.1.32328.378
MinimumVisualStudioVersion = 10.0.40219.1
Project("{2150E333-8FDC-42A3-9474-1A3956D46DE8}") = "TodoList", "TodoList", "{712065EA-5F3B-4F4F-8DEA-CDADF9F4BA13}"
EndProject
Project("{9A19103F-16F7-4668-BE54-9A1E7A4F7556}") = "LearningLantern.TodoList", "TodoList\LearningLantern.TodoList\LearningLantern.TodoList.csproj", "{B9A9E4A0-9844-426A-8B99-574BACF083F0}"
EndProject
Project("{9A19103F-16F7-4668-BE54-9A1E7A4F7556}") = "LearningLantern.Common", "LearningLantern.Common\LearningLantern.Common.csproj", "{A8F87AA4-1FC3-4DBA-831E-0EF0178B91F0}"
EndProject
Project("{9A19103F-16F7-4668-BE54-9A1E7A4F7556}") = "LearningLantern.TodoList.Tests", "TodoList\LearningLantern.TodoList.Tests\LearningLantern.TodoList.Tests.csproj", "{E927AD62-F020-4A7E-B5A5-D65E2A236CB3}"
EndProject
Project("{2150E333-8FDC-42A3-9474-1A3956D46DE8}") = "Calendar", "Calendar", "{135CF086-C105-4619-8ADF-A781FFF65DBA}"
EndProject
Project("{9A19103F-16F7-4668-BE54-9A1E7A4F7556}") = "LearningLantern.Calendar", "Calendar\LearningLantern.Calendar\LearningLantern.Calendar.csproj", "{AA1FD330-D003-46F4-82FD-D33BFA2960AB}"
EndProject
Project("{9A19103F-16F7-4668-BE54-9A1E7A4F7556}") = "LearningLantern.Calendar.Tests", "Calendar\LearningLantern.Calendar.Tests\LearningLantern.Calendar.Tests.csproj", "{D8446349-E4F5-49C8-997D-7EC48DA51B12}"
EndProject
Project("{2150E333-8FDC-42A3-9474-1A3956D46DE8}") = "ApiGateway", "ApiGateway", "{F2F40C5B-1854-415C-B0EF-12DF198D4047}"
EndProject
Project("{E53339B2-1760-4266-BCC7-CA923CBCF16C}") = "docker-compose", "docker-compose.dcproj", "{05F4F613-94A7-4767-8D2E-0279ABE86777}"
EndProject
Project("{9A19103F-16F7-4668-BE54-9A1E7A4F7556}") = "LearningLantern.ApiGateway", "ApiGateway\LearningLantern.ApiGateway\LearningLantern.ApiGateway.csproj", "{B0C26116-8A91-4625-9C95-B4D35A75DA6C}"
EndProject
Project("{9A19103F-16F7-4668-BE54-9A1E7A4F7556}") = "LearningLantern.ApiGateway.ClassroomTests", "ApiGateway\LearningLantern.ApiGateway.ClassroomTests\LearningLantern.ApiGateway.ClassroomTests.csproj", "{133B8134-4756-4B74-A6C3-00CC83453075}"
EndProject
Project("{9A19103F-16F7-4668-BE54-9A1E7A4F7556}") = "LearningLantern.ApiGateway.Tests", "ApiGateway\LearningLantern.ApiGateway.Tests\LearningLantern.ApiGateway.Tests.csproj", "{09C9F5DC-096E-48DC-9032-819D28B9FA57}"
EndProject
Project("{2150E333-8FDC-42A3-9474-1A3956D46DE8}") = "Video", "Video", "{550C3A49-6089-4A48-A602-4243CF708B37}"
EndProject
Project("{FAE04EC0-301F-11D3-BF4B-00C04F79EFBC}") = "LearningLantern.Video", "Video\LearningLantern.Video\LearningLantern.Video.csproj", "{F07729E6-294B-4A78-9BF9-8809CD9715C2}"
EndProject
Global
	GlobalSection(SolutionConfigurationPlatforms) = preSolution
		Debug|Any CPU = Debug|Any CPU
		Release|Any CPU = Release|Any CPU
	EndGlobalSection
	GlobalSection(ProjectConfigurationPlatforms) = postSolution
		{B9A9E4A0-9844-426A-8B99-574BACF083F0}.Debug|Any CPU.ActiveCfg = Debug|Any CPU
		{B9A9E4A0-9844-426A-8B99-574BACF083F0}.Debug|Any CPU.Build.0 = Debug|Any CPU
		{B9A9E4A0-9844-426A-8B99-574BACF083F0}.Release|Any CPU.ActiveCfg = Release|Any CPU
		{B9A9E4A0-9844-426A-8B99-574BACF083F0}.Release|Any CPU.Build.0 = Release|Any CPU
		{A8F87AA4-1FC3-4DBA-831E-0EF0178B91F0}.Debug|Any CPU.ActiveCfg = Debug|Any CPU
		{A8F87AA4-1FC3-4DBA-831E-0EF0178B91F0}.Debug|Any CPU.Build.0 = Debug|Any CPU
		{A8F87AA4-1FC3-4DBA-831E-0EF0178B91F0}.Release|Any CPU.ActiveCfg = Release|Any CPU
		{A8F87AA4-1FC3-4DBA-831E-0EF0178B91F0}.Release|Any CPU.Build.0 = Release|Any CPU
		{E927AD62-F020-4A7E-B5A5-D65E2A236CB3}.Debug|Any CPU.ActiveCfg = Debug|Any CPU
		{E927AD62-F020-4A7E-B5A5-D65E2A236CB3}.Debug|Any CPU.Build.0 = Debug|Any CPU
		{E927AD62-F020-4A7E-B5A5-D65E2A236CB3}.Release|Any CPU.ActiveCfg = Release|Any CPU
		{E927AD62-F020-4A7E-B5A5-D65E2A236CB3}.Release|Any CPU.Build.0 = Release|Any CPU
		{AA1FD330-D003-46F4-82FD-D33BFA2960AB}.Debug|Any CPU.ActiveCfg = Debug|Any CPU
		{AA1FD330-D003-46F4-82FD-D33BFA2960AB}.Debug|Any CPU.Build.0 = Debug|Any CPU
		{AA1FD330-D003-46F4-82FD-D33BFA2960AB}.Release|Any CPU.ActiveCfg = Release|Any CPU
		{AA1FD330-D003-46F4-82FD-D33BFA2960AB}.Release|Any CPU.Build.0 = Release|Any CPU
		{D8446349-E4F5-49C8-997D-7EC48DA51B12}.Debug|Any CPU.ActiveCfg = Debug|Any CPU
		{D8446349-E4F5-49C8-997D-7EC48DA51B12}.Debug|Any CPU.Build.0 = Debug|Any CPU
		{D8446349-E4F5-49C8-997D-7EC48DA51B12}.Release|Any CPU.ActiveCfg = Release|Any CPU
		{D8446349-E4F5-49C8-997D-7EC48DA51B12}.Release|Any CPU.Build.0 = Release|Any CPU
		{05F4F613-94A7-4767-8D2E-0279ABE86777}.Debug|Any CPU.ActiveCfg = Debug|Any CPU
		{05F4F613-94A7-4767-8D2E-0279ABE86777}.Release|Any CPU.ActiveCfg = Release|Any CPU
		{B0C26116-8A91-4625-9C95-B4D35A75DA6C}.Debug|Any CPU.ActiveCfg = Debug|Any CPU
		{B0C26116-8A91-4625-9C95-B4D35A75DA6C}.Debug|Any CPU.Build.0 = Debug|Any CPU
		{B0C26116-8A91-4625-9C95-B4D35A75DA6C}.Release|Any CPU.ActiveCfg = Release|Any CPU
		{B0C26116-8A91-4625-9C95-B4D35A75DA6C}.Release|Any CPU.Build.0 = Release|Any CPU
		{133B8134-4756-4B74-A6C3-00CC83453075}.Debug|Any CPU.ActiveCfg = Debug|Any CPU
		{133B8134-4756-4B74-A6C3-00CC83453075}.Debug|Any CPU.Build.0 = Debug|Any CPU
		{133B8134-4756-4B74-A6C3-00CC83453075}.Release|Any CPU.ActiveCfg = Release|Any CPU
		{133B8134-4756-4B74-A6C3-00CC83453075}.Release|Any CPU.Build.0 = Release|Any CPU
		{09C9F5DC-096E-48DC-9032-819D28B9FA57}.Debug|Any CPU.ActiveCfg = Debug|Any CPU
		{09C9F5DC-096E-48DC-9032-819D28B9FA57}.Debug|Any CPU.Build.0 = Debug|Any CPU
		{09C9F5DC-096E-48DC-9032-819D28B9FA57}.Release|Any CPU.ActiveCfg = Release|Any CPU
		{09C9F5DC-096E-48DC-9032-819D28B9FA57}.Release|Any CPU.Build.0 = Release|Any CPU
		{F07729E6-294B-4A78-9BF9-8809CD9715C2}.Debug|Any CPU.ActiveCfg = Debug|Any CPU
		{F07729E6-294B-4A78-9BF9-8809CD9715C2}.Debug|Any CPU.Build.0 = Debug|Any CPU
		{F07729E6-294B-4A78-9BF9-8809CD9715C2}.Release|Any CPU.ActiveCfg = Release|Any CPU
		{F07729E6-294B-4A78-9BF9-8809CD9715C2}.Release|Any CPU.Build.0 = Release|Any CPU
	EndGlobalSection
	GlobalSection(SolutionProperties) = preSolution
		HideSolutionNode = FALSE
	EndGlobalSection
	GlobalSection(NestedProjects) = preSolution
		{B9A9E4A0-9844-426A-8B99-574BACF083F0} = {712065EA-5F3B-4F4F-8DEA-CDADF9F4BA13}
		{E927AD62-F020-4A7E-B5A5-D65E2A236CB3} = {712065EA-5F3B-4F4F-8DEA-CDADF9F4BA13}
		{AA1FD330-D003-46F4-82FD-D33BFA2960AB} = {135CF086-C105-4619-8ADF-A781FFF65DBA}
		{D8446349-E4F5-49C8-997D-7EC48DA51B12} = {135CF086-C105-4619-8ADF-A781FFF65DBA}
		{B0C26116-8A91-4625-9C95-B4D35A75DA6C} = {F2F40C5B-1854-415C-B0EF-12DF198D4047}
		{133B8134-4756-4B74-A6C3-00CC83453075} = {F2F40C5B-1854-415C-B0EF-12DF198D4047}
		{09C9F5DC-096E-48DC-9032-819D28B9FA57} = {F2F40C5B-1854-415C-B0EF-12DF198D4047}
		{F07729E6-294B-4A78-9BF9-8809CD9715C2} = {550C3A49-6089-4A48-A602-4243CF708B37}
	EndGlobalSection
	GlobalSection(ExtensibilityGlobals) = postSolution
		SolutionGuid = {147AED9E-4B93-411E-8F46-7ABDA73A783C}
	EndGlobalSection
EndGlobal
